
Microsoft Visual Studio Solution File, Format Version 12.00
# Visual Studio Version 17
VisualStudioVersion = 17.0.31912.275
MinimumVisualStudioVersion = 10.0.40219.1
Project("{FAE04EC0-301F-11D3-BF4B-00C04F79EFBC}") = "Todo.Api", "src\Todo.Api\Todo.Api.csproj", "{B5B8E1B3-F254-41E6-B078-2CDB8813F13A}"
EndProject
Project("{FAE04EC0-301F-11D3-BF4B-00C04F79EFBC}") = "Todo.Domain", "src\Todo.Domain\Todo.Domain.csproj", "{C9D21832-91AE-45E8-B057-288319605357}"
EndProject
Project("{FAE04EC0-301F-11D3-BF4B-00C04F79EFBC}") = "Todo.Application", "src\Todo.Application\Todo.Application.csproj", "{EFFA2B31-689A-4449-B476-549B496BD6FC}"
EndProject
Project("{FAE04EC0-301F-11D3-BF4B-00C04F79EFBC}") = "Todo.Data", "src\Todo.Data\Todo.Data.csproj", "{6817E8B0-D165-4D2A-A08F-32D4CAE1E722}"
EndProject
Project("{2150E333-8FDC-42A3-9474-1A3956D46DE8}") = "src", "src", "{098204E4-6A72-4744-ADB6-1B23ED1FCFBA}"
EndProject
Project("{2150E333-8FDC-42A3-9474-1A3956D46DE8}") = "tests", "tests", "{D16B0751-BE34-4D86-BAB6-AD94084AE5FC}"
EndProject
Project("{FAE04EC0-301F-11D3-BF4B-00C04F79EFBC}") = "Todo.Api.Tests", "tests\Todo.Api.Tests\Todo.Api.Tests.csproj", "{873F4FA5-CF73-473F-877B-18F2A0576681}"
EndProject
Global
	GlobalSection(SolutionConfigurationPlatforms) = preSolution
		Debug|Any CPU = Debug|Any CPU
		Release|Any CPU = Release|Any CPU
	EndGlobalSection
	GlobalSection(ProjectConfigurationPlatforms) = postSolution
		{B5B8E1B3-F254-41E6-B078-2CDB8813F13A}.Debug|Any CPU.ActiveCfg = Debug|Any CPU
		{B5B8E1B3-F254-41E6-B078-2CDB8813F13A}.Debug|Any CPU.Build.0 = Debug|Any CPU
		{B5B8E1B3-F254-41E6-B078-2CDB8813F13A}.Release|Any CPU.ActiveCfg = Release|Any CPU
		{B5B8E1B3-F254-41E6-B078-2CDB8813F13A}.Release|Any CPU.Build.0 = Release|Any CPU
		{C9D21832-91AE-45E8-B057-288319605357}.Debug|Any CPU.ActiveCfg = Debug|Any CPU
		{C9D21832-91AE-45E8-B057-288319605357}.Debug|Any CPU.Build.0 = Debug|Any CPU
		{C9D21832-91AE-45E8-B057-288319605357}.Release|Any CPU.ActiveCfg = Release|Any CPU
		{C9D21832-91AE-45E8-B057-288319605357}.Release|Any CPU.Build.0 = Release|Any CPU
		{EFFA2B31-689A-4449-B476-549B496BD6FC}.Debug|Any CPU.ActiveCfg = Debug|Any CPU
		{EFFA2B31-689A-4449-B476-549B496BD6FC}.Debug|Any CPU.Build.0 = Debug|Any CPU
		{EFFA2B31-689A-4449-B476-549B496BD6FC}.Release|Any CPU.ActiveCfg = Release|Any CPU
		{EFFA2B31-689A-4449-B476-549B496BD6FC}.Release|Any CPU.Build.0 = Release|Any CPU
		{6817E8B0-D165-4D2A-A08F-32D4CAE1E722}.Debug|Any CPU.ActiveCfg = Debug|Any CPU
		{6817E8B0-D165-4D2A-A08F-32D4CAE1E722}.Debug|Any CPU.Build.0 = Debug|Any CPU
		{6817E8B0-D165-4D2A-A08F-32D4CAE1E722}.Release|Any CPU.ActiveCfg = Release|Any CPU
		{6817E8B0-D165-4D2A-A08F-32D4CAE1E722}.Release|Any CPU.Build.0 = Release|Any CPU
		{873F4FA5-CF73-473F-877B-18F2A0576681}.Debug|Any CPU.ActiveCfg = Debug|Any CPU
		{873F4FA5-CF73-473F-877B-18F2A0576681}.Debug|Any CPU.Build.0 = Debug|Any CPU
		{873F4FA5-CF73-473F-877B-18F2A0576681}.Release|Any CPU.ActiveCfg = Release|Any CPU
		{873F4FA5-CF73-473F-877B-18F2A0576681}.Release|Any CPU.Build.0 = Release|Any CPU
	EndGlobalSection
	GlobalSection(SolutionProperties) = preSolution
		HideSolutionNode = FALSE
	EndGlobalSection
	GlobalSection(ExtensibilityGlobals) = postSolution
		SolutionGuid = {4CBC2905-9655-46CF-AE41-D75F332F766E}
	EndGlobalSection
	GlobalSection(NestedProjects) = preSolution
		{B5B8E1B3-F254-41E6-B078-2CDB8813F13A} = {098204E4-6A72-4744-ADB6-1B23ED1FCFBA}
		{EFFA2B31-689A-4449-B476-549B496BD6FC} = {098204E4-6A72-4744-ADB6-1B23ED1FCFBA}
		{6817E8B0-D165-4D2A-A08F-32D4CAE1E722} = {098204E4-6A72-4744-ADB6-1B23ED1FCFBA}
		{C9D21832-91AE-45E8-B057-288319605357} = {098204E4-6A72-4744-ADB6-1B23ED1FCFBA}
		{873F4FA5-CF73-473F-877B-18F2A0576681} = {D16B0751-BE34-4D86-BAB6-AD94084AE5FC}
	EndGlobalSection
EndGlobal
